
Microsoft Visual Studio Solution File, Format Version 12.00
# Visual Studio Version 17
VisualStudioVersion = 17.10.35122.118
MinimumVisualStudioVersion = 10.0.40219.1
Project("{FAE04EC0-301F-11D3-BF4B-00C04F79EFBC}") = "GerenciadorLivro.API", "GerenciadorLivro.API\GerenciadorLivro.API.csproj", "{079FDFC5-F297-4725-B255-A402DD998150}"
EndProject
Global
	GlobalSection(SolutionConfigurationPlatforms) = preSolution
		Debug|Any CPU = Debug|Any CPU
		Release|Any CPU = Release|Any CPU
	EndGlobalSection
	GlobalSection(ProjectConfigurationPlatforms) = postSolution
		{079FDFC5-F297-4725-B255-A402DD998150}.Debug|Any CPU.ActiveCfg = Debug|Any CPU
		{079FDFC5-F297-4725-B255-A402DD998150}.Debug|Any CPU.Build.0 = Debug|Any CPU
		{079FDFC5-F297-4725-B255-A402DD998150}.Release|Any CPU.ActiveCfg = Release|Any CPU
		{079FDFC5-F297-4725-B255-A402DD998150}.Release|Any CPU.Build.0 = Release|Any CPU
	EndGlobalSection
	GlobalSection(SolutionProperties) = preSolution
		HideSolutionNode = FALSE
	EndGlobalSection
	GlobalSection(ExtensibilityGlobals) = postSolution
		SolutionGuid = {0F180DA2-734F-4448-873D-7C4861D4AD8C}
	EndGlobalSection
EndGlobal
